// !$*UTF8*$!
{
	archiveVersion = 1;
	classes = {
	};
	objectVersion = 46;
	objects = {

/* Begin PBXBuildFile section */
		9034B8541E6F0FE2008E71D4 /* AppDelegate.swift in Sources */ = {isa = PBXBuildFile; fileRef = 9034B8531E6F0FE2008E71D4 /* AppDelegate.swift */; };
		9034B8561E6F0FE2008E71D4 /* ViewController.swift in Sources */ = {isa = PBXBuildFile; fileRef = 9034B8551E6F0FE2008E71D4 /* ViewController.swift */; };
		9034B8581E6F0FE2008E71D4 /* Assets.xcassets in Resources */ = {isa = PBXBuildFile; fileRef = 9034B8571E6F0FE2008E71D4 /* Assets.xcassets */; };
		9034B85B1E6F0FE2008E71D4 /* Main.storyboard in Resources */ = {isa = PBXBuildFile; fileRef = 9034B8591E6F0FE2008E71D4 /* Main.storyboard */; };
		9034B8811E6F20F4008E71D4 /* PreferenceData.swift in Sources */ = {isa = PBXBuildFile; fileRef = 9034B8801E6F20F4008E71D4 /* PreferenceData.swift */; };
		90AE539C1FDF3215008868AE /* AboutController.swift in Sources */ = {isa = PBXBuildFile; fileRef = 90AE539A1FDF3215008868AE /* AboutController.swift */; };
		90AE539D1FDF3215008868AE /* AboutController.xib in Resources */ = {isa = PBXBuildFile; fileRef = 90AE539B1FDF3215008868AE /* AboutController.xib */; };
		90F553E720380BBA009A5086 /* DBManager.m in Sources */ = {isa = PBXBuildFile; fileRef = 90F553E620380BBA009A5086 /* DBManager.m */; };
/* End PBXBuildFile section */

/* Begin PBXContainerItemProxy section */
		9034B8621E6F0FE2008E71D4 /* PBXContainerItemProxy */ = {
			isa = PBXContainerItemProxy;
			containerPortal = 9034B8481E6F0FE1008E71D4 /* Project object */;
			proxyType = 1;
			remoteGlobalIDString = 9034B84F1E6F0FE1008E71D4;
			remoteInfo = vMysqlMonitoring;
		};
		9034B86D1E6F0FE2008E71D4 /* PBXContainerItemProxy */ = {
			isa = PBXContainerItemProxy;
			containerPortal = 9034B8481E6F0FE1008E71D4 /* Project object */;
			proxyType = 1;
			remoteGlobalIDString = 9034B84F1E6F0FE1008E71D4;
			remoteInfo = vMysqlMonitoring;
		};
/* End PBXContainerItemProxy section */

/* Begin PBXFileReference section */
		900197601FFA7A090000AC44 /* DBManager.h */ = {isa = PBXFileReference; lastKnownFileType = sourcecode.c.h; path = DBManager.h; sourceTree = "<group>"; };
		9034B8501E6F0FE1008E71D4 /* vMysqlMonitoring.app */ = {isa = PBXFileReference; explicitFileType = wrapper.application; includeInIndex = 0; path = vMysqlMonitoring.app; sourceTree = BUILT_PRODUCTS_DIR; };
		9034B8531E6F0FE2008E71D4 /* AppDelegate.swift */ = {isa = PBXFileReference; lastKnownFileType = sourcecode.swift; path = AppDelegate.swift; sourceTree = "<group>"; };
		9034B8551E6F0FE2008E71D4 /* ViewController.swift */ = {isa = PBXFileReference; lastKnownFileType = sourcecode.swift; path = ViewController.swift; sourceTree = "<group>"; };
		9034B8571E6F0FE2008E71D4 /* Assets.xcassets */ = {isa = PBXFileReference; lastKnownFileType = folder.assetcatalog; path = Assets.xcassets; sourceTree = "<group>"; };
		9034B85A1E6F0FE2008E71D4 /* Base */ = {isa = PBXFileReference; lastKnownFileType = file.storyboard; name = Base; path = Base.lproj/Main.storyboard; sourceTree = "<group>"; };
		9034B85C1E6F0FE2008E71D4 /* Info.plist */ = {isa = PBXFileReference; lastKnownFileType = text.plist.xml; path = Info.plist; sourceTree = "<group>"; };
		9034B8611E6F0FE2008E71D4 /* vMysqlMonitoringTests.xctest */ = {isa = PBXFileReference; explicitFileType = wrapper.cfbundle; includeInIndex = 0; path = vMysqlMonitoringTests.xctest; sourceTree = BUILT_PRODUCTS_DIR; };
		9034B86C1E6F0FE2008E71D4 /* vMysqlMonitoringUITests.xctest */ = {isa = PBXFileReference; explicitFileType = wrapper.cfbundle; includeInIndex = 0; path = vMysqlMonitoringUITests.xctest; sourceTree = BUILT_PRODUCTS_DIR; };
		9034B8801E6F20F4008E71D4 /* PreferenceData.swift */ = {isa = PBXFileReference; fileEncoding = 4; lastKnownFileType = sourcecode.swift; path = PreferenceData.swift; sourceTree = "<group>"; };
		90AE539A1FDF3215008868AE /* AboutController.swift */ = {isa = PBXFileReference; lastKnownFileType = sourcecode.swift; path = AboutController.swift; sourceTree = "<group>"; };
		90AE539B1FDF3215008868AE /* AboutController.xib */ = {isa = PBXFileReference; lastKnownFileType = file.xib; path = AboutController.xib; sourceTree = "<group>"; };
		90F553E520380B0E009A5086 /* vMysqlMonitoring-Bridging-Header.h */ = {isa = PBXFileReference; fileEncoding = 4; lastKnownFileType = sourcecode.c.h; path = "vMysqlMonitoring-Bridging-Header.h"; sourceTree = "<group>"; };
		90F553E620380BBA009A5086 /* DBManager.m */ = {isa = PBXFileReference; lastKnownFileType = sourcecode.c.objc; path = DBManager.m; sourceTree = "<group>"; };
/* End PBXFileReference section */

/* Begin PBXFrameworksBuildPhase section */
		9034B84D1E6F0FE1008E71D4 /* Frameworks */ = {
			isa = PBXFrameworksBuildPhase;
			buildActionMask = 2147483647;
			files = (
			);
			runOnlyForDeploymentPostprocessing = 0;
		};
		9034B85E1E6F0FE2008E71D4 /* Frameworks */ = {
			isa = PBXFrameworksBuildPhase;
			buildActionMask = 2147483647;
			files = (
			);
			runOnlyForDeploymentPostprocessing = 0;
		};
		9034B8691E6F0FE2008E71D4 /* Frameworks */ = {
			isa = PBXFrameworksBuildPhase;
			buildActionMask = 2147483647;
			files = (
			);
			runOnlyForDeploymentPostprocessing = 0;
		};
/* End PBXFrameworksBuildPhase section */

/* Begin PBXGroup section */
		9034B8471E6F0FE1008E71D4 = {
			isa = PBXGroup;
			children = (
				9034B8521E6F0FE1008E71D4 /* vMysqlMonitoring */,
				9034B8511E6F0FE1008E71D4 /* Products */,
				F827BE258C8121CA57DEFD22 /* Frameworks */,
			);
			sourceTree = "<group>";
		};
		9034B8511E6F0FE1008E71D4 /* Products */ = {
			isa = PBXGroup;
			children = (
				9034B8501E6F0FE1008E71D4 /* vMysqlMonitoring.app */,
				9034B8611E6F0FE2008E71D4 /* vMysqlMonitoringTests.xctest */,
				9034B86C1E6F0FE2008E71D4 /* vMysqlMonitoringUITests.xctest */,
			);
			name = Products;
			sourceTree = "<group>";
		};
		9034B8521E6F0FE1008E71D4 /* vMysqlMonitoring */ = {
			isa = PBXGroup;
			children = (
				90F553E520380B0E009A5086 /* vMysqlMonitoring-Bridging-Header.h */,
				9034B8801E6F20F4008E71D4 /* PreferenceData.swift */,
				9040C3BF1FDF725300A745D5 /* About */,
				9034B8531E6F0FE2008E71D4 /* AppDelegate.swift */,
				9034B8551E6F0FE2008E71D4 /* ViewController.swift */,
				9034B8571E6F0FE2008E71D4 /* Assets.xcassets */,
				9034B8591E6F0FE2008E71D4 /* Main.storyboard */,
				9034B85C1E6F0FE2008E71D4 /* Info.plist */,
				900197601FFA7A090000AC44 /* DBManager.h */,
				90F553E620380BBA009A5086 /* DBManager.m */,
			);
			path = vMysqlMonitoring;
			sourceTree = "<group>";
		};
		9040C3BF1FDF725300A745D5 /* About */ = {
			isa = PBXGroup;
			children = (
				90AE539A1FDF3215008868AE /* AboutController.swift */,
				90AE539B1FDF3215008868AE /* AboutController.xib */,
			);
			name = About;
			sourceTree = "<group>";
		};
		F827BE258C8121CA57DEFD22 /* Frameworks */ = {
			isa = PBXGroup;
			children = (
			);
			name = Frameworks;
			sourceTree = "<group>";
		};
/* End PBXGroup section */

/* Begin PBXNativeTarget section */
		9034B84F1E6F0FE1008E71D4 /* vMysqlMonitoring */ = {
			isa = PBXNativeTarget;
			buildConfigurationList = 9034B8751E6F0FE2008E71D4 /* Build configuration list for PBXNativeTarget "vMysqlMonitoring" */;
			buildPhases = (
				9034B84C1E6F0FE1008E71D4 /* Sources */,
				9034B84D1E6F0FE1008E71D4 /* Frameworks */,
				9034B84E1E6F0FE1008E71D4 /* Resources */,
			);
			buildRules = (
			);
			dependencies = (
			);
			name = vMysqlMonitoring;
			productName = vMysqlMonitoring;
			productReference = 9034B8501E6F0FE1008E71D4 /* vMysqlMonitoring.app */;
			productType = "com.apple.product-type.application";
		};
		9034B8601E6F0FE2008E71D4 /* vMysqlMonitoringTests */ = {
			isa = PBXNativeTarget;
			buildConfigurationList = 9034B8781E6F0FE2008E71D4 /* Build configuration list for PBXNativeTarget "vMysqlMonitoringTests" */;
			buildPhases = (
				9034B85D1E6F0FE2008E71D4 /* Sources */,
				9034B85E1E6F0FE2008E71D4 /* Frameworks */,
				9034B85F1E6F0FE2008E71D4 /* Resources */,
			);
			buildRules = (
			);
			dependencies = (
				9034B8631E6F0FE2008E71D4 /* PBXTargetDependency */,
			);
			name = vMysqlMonitoringTests;
			productName = vMysqlMonitoringTests;
			productReference = 9034B8611E6F0FE2008E71D4 /* vMysqlMonitoringTests.xctest */;
			productType = "com.apple.product-type.bundle.unit-test";
		};
		9034B86B1E6F0FE2008E71D4 /* vMysqlMonitoringUITests */ = {
			isa = PBXNativeTarget;
			buildConfigurationList = 9034B87B1E6F0FE2008E71D4 /* Build configuration list for PBXNativeTarget "vMysqlMonitoringUITests" */;
			buildPhases = (
				9034B8681E6F0FE2008E71D4 /* Sources */,
				9034B8691E6F0FE2008E71D4 /* Frameworks */,
				9034B86A1E6F0FE2008E71D4 /* Resources */,
			);
			buildRules = (
			);
			dependencies = (
				9034B86E1E6F0FE2008E71D4 /* PBXTargetDependency */,
			);
			name = vMysqlMonitoringUITests;
			productName = vMysqlMonitoringUITests;
			productReference = 9034B86C1E6F0FE2008E71D4 /* vMysqlMonitoringUITests.xctest */;
			productType = "com.apple.product-type.bundle.ui-testing";
		};
/* End PBXNativeTarget section */

/* Begin PBXProject section */
		9034B8481E6F0FE1008E71D4 /* Project object */ = {
			isa = PBXProject;
			attributes = {
				LastSwiftUpdateCheck = 0820;
				LastUpgradeCheck = 0900;
				ORGANIZATIONNAME = Virink;
				TargetAttributes = {
					9034B84F1E6F0FE1008E71D4 = {
						CreatedOnToolsVersion = 8.2.1;
						DevelopmentTeam = A67UG8ZSE2;
						LastSwiftMigration = 0900;
						ProvisioningStyle = Automatic;
					};
					9034B8601E6F0FE2008E71D4 = {
						CreatedOnToolsVersion = 8.2.1;
						LastSwiftMigration = 0900;
						ProvisioningStyle = Automatic;
						TestTargetID = 9034B84F1E6F0FE1008E71D4;
					};
					9034B86B1E6F0FE2008E71D4 = {
						CreatedOnToolsVersion = 8.2.1;
						LastSwiftMigration = 0900;
						ProvisioningStyle = Automatic;
						TestTargetID = 9034B84F1E6F0FE1008E71D4;
					};
				};
			};
			buildConfigurationList = 9034B84B1E6F0FE1008E71D4 /* Build configuration list for PBXProject "vMysqlMonitoring" */;
			compatibilityVersion = "Xcode 3.2";
			developmentRegion = English;
			hasScannedForEncodings = 0;
			knownRegions = (
				en,
				Base,
			);
			mainGroup = 9034B8471E6F0FE1008E71D4;
			productRefGroup = 9034B8511E6F0FE1008E71D4 /* Products */;
			projectDirPath = "";
			projectRoot = "";
			targets = (
				9034B84F1E6F0FE1008E71D4 /* vMysqlMonitoring */,
				9034B8601E6F0FE2008E71D4 /* vMysqlMonitoringTests */,
				9034B86B1E6F0FE2008E71D4 /* vMysqlMonitoringUITests */,
			);
		};
/* End PBXProject section */

/* Begin PBXResourcesBuildPhase section */
		9034B84E1E6F0FE1008E71D4 /* Resources */ = {
			isa = PBXResourcesBuildPhase;
			buildActionMask = 2147483647;
			files = (
				9034B8581E6F0FE2008E71D4 /* Assets.xcassets in Resources */,
				90AE539D1FDF3215008868AE /* AboutController.xib in Resources */,
				9034B85B1E6F0FE2008E71D4 /* Main.storyboard in Resources */,
			);
			runOnlyForDeploymentPostprocessing = 0;
		};
		9034B85F1E6F0FE2008E71D4 /* Resources */ = {
			isa = PBXResourcesBuildPhase;
			buildActionMask = 2147483647;
			files = (
			);
			runOnlyForDeploymentPostprocessing = 0;
		};
		9034B86A1E6F0FE2008E71D4 /* Resources */ = {
			isa = PBXResourcesBuildPhase;
			buildActionMask = 2147483647;
			files = (
			);
			runOnlyForDeploymentPostprocessing = 0;
		};
/* End PBXResourcesBuildPhase section */

/* Begin PBXSourcesBuildPhase section */
		9034B84C1E6F0FE1008E71D4 /* Sources */ = {
			isa = PBXSourcesBuildPhase;
			buildActionMask = 2147483647;
			files = (
				90F553E720380BBA009A5086 /* DBManager.m in Sources */,
				9034B8811E6F20F4008E71D4 /* PreferenceData.swift in Sources */,
				9034B8561E6F0FE2008E71D4 /* ViewController.swift in Sources */,
				9034B8541E6F0FE2008E71D4 /* AppDelegate.swift in Sources */,
				90AE539C1FDF3215008868AE /* AboutController.swift in Sources */,
			);
			runOnlyForDeploymentPostprocessing = 0;
		};
		9034B85D1E6F0FE2008E71D4 /* Sources */ = {
			isa = PBXSourcesBuildPhase;
			buildActionMask = 2147483647;
			files = (
			);
			runOnlyForDeploymentPostprocessing = 0;
		};
		9034B8681E6F0FE2008E71D4 /* Sources */ = {
			isa = PBXSourcesBuildPhase;
			buildActionMask = 2147483647;
			files = (
			);
			runOnlyForDeploymentPostprocessing = 0;
		};
/* End PBXSourcesBuildPhase section */

/* Begin PBXTargetDependency section */
		9034B8631E6F0FE2008E71D4 /* PBXTargetDependency */ = {
			isa = PBXTargetDependency;
			target = 9034B84F1E6F0FE1008E71D4 /* vMysqlMonitoring */;
			targetProxy = 9034B8621E6F0FE2008E71D4 /* PBXContainerItemProxy */;
		};
		9034B86E1E6F0FE2008E71D4 /* PBXTargetDependency */ = {
			isa = PBXTargetDependency;
			target = 9034B84F1E6F0FE1008E71D4 /* vMysqlMonitoring */;
			targetProxy = 9034B86D1E6F0FE2008E71D4 /* PBXContainerItemProxy */;
		};
/* End PBXTargetDependency section */

/* Begin PBXVariantGroup section */
		9034B8591E6F0FE2008E71D4 /* Main.storyboard */ = {
			isa = PBXVariantGroup;
			children = (
				9034B85A1E6F0FE2008E71D4 /* Base */,
			);
			name = Main.storyboard;
			sourceTree = "<group>";
		};
/* End PBXVariantGroup section */

/* Begin XCBuildConfiguration section */
		9034B8731E6F0FE2008E71D4 /* Debug */ = {
			isa = XCBuildConfiguration;
			buildSettings = {
				ALWAYS_SEARCH_USER_PATHS = NO;
				CLANG_ANALYZER_NONNULL = YES;
				CLANG_CXX_LANGUAGE_STANDARD = "gnu++0x";
				CLANG_CXX_LIBRARY = "libc++";
				CLANG_ENABLE_MODULES = YES;
				CLANG_ENABLE_OBJC_ARC = YES;
				CLANG_WARN_BLOCK_CAPTURE_AUTORELEASING = YES;
				CLANG_WARN_BOOL_CONVERSION = YES;
				CLANG_WARN_COMMA = YES;
				CLANG_WARN_CONSTANT_CONVERSION = YES;
				CLANG_WARN_DIRECT_OBJC_ISA_USAGE = YES_ERROR;
				CLANG_WARN_DOCUMENTATION_COMMENTS = YES;
				CLANG_WARN_EMPTY_BODY = YES;
				CLANG_WARN_ENUM_CONVERSION = YES;
				CLANG_WARN_INFINITE_RECURSION = YES;
				CLANG_WARN_INT_CONVERSION = YES;
				CLANG_WARN_NON_LITERAL_NULL_CONVERSION = YES;
				CLANG_WARN_OBJC_LITERAL_CONVERSION = YES;
				CLANG_WARN_OBJC_ROOT_CLASS = YES_ERROR;
				CLANG_WARN_RANGE_LOOP_ANALYSIS = YES;
				CLANG_WARN_STRICT_PROTOTYPES = YES;
				CLANG_WARN_SUSPICIOUS_MOVE = YES;
				CLANG_WARN_UNREACHABLE_CODE = YES;
				CLANG_WARN__DUPLICATE_METHOD_MATCH = YES;
				CODE_SIGN_IDENTITY = "-";
				COPY_PHASE_STRIP = NO;
				DEBUG_INFORMATION_FORMAT = dwarf;
				ENABLE_STRICT_OBJC_MSGSEND = YES;
				ENABLE_TESTABILITY = YES;
				GCC_C_LANGUAGE_STANDARD = gnu99;
				GCC_DYNAMIC_NO_PIC = NO;
				GCC_NO_COMMON_BLOCKS = YES;
				GCC_OPTIMIZATION_LEVEL = 0;
				GCC_PREPROCESSOR_DEFINITIONS = (
					"DEBUG=1",
					"$(inherited)",
				);
				GCC_WARN_64_TO_32_BIT_CONVERSION = YES;
				GCC_WARN_ABOUT_RETURN_TYPE = YES_ERROR;
				GCC_WARN_UNDECLARED_SELECTOR = YES;
				GCC_WARN_UNINITIALIZED_AUTOS = YES_AGGRESSIVE;
				GCC_WARN_UNUSED_FUNCTION = YES;
				GCC_WARN_UNUSED_VARIABLE = YES;
				MACOSX_DEPLOYMENT_TARGET = 10.12;
				MTL_ENABLE_DEBUG_INFO = YES;
				ONLY_ACTIVE_ARCH = YES;
				SDKROOT = macosx;
				SWIFT_ACTIVE_COMPILATION_CONDITIONS = DEBUG;
				SWIFT_OPTIMIZATION_LEVEL = "-Onone";
			};
			name = Debug;
		};
		9034B8741E6F0FE2008E71D4 /* Release */ = {
			isa = XCBuildConfiguration;
			buildSettings = {
				ALWAYS_SEARCH_USER_PATHS = NO;
				CLANG_ANALYZER_NONNULL = YES;
				CLANG_CXX_LANGUAGE_STANDARD = "gnu++0x";
				CLANG_CXX_LIBRARY = "libc++";
				CLANG_ENABLE_MODULES = YES;
				CLANG_ENABLE_OBJC_ARC = YES;
				CLANG_WARN_BLOCK_CAPTURE_AUTORELEASING = YES;
				CLANG_WARN_BOOL_CONVERSION = YES;
				CLANG_WARN_COMMA = YES;
				CLANG_WARN_CONSTANT_CONVERSION = YES;
				CLANG_WARN_DIRECT_OBJC_ISA_USAGE = YES_ERROR;
				CLANG_WARN_DOCUMENTATION_COMMENTS = YES;
				CLANG_WARN_EMPTY_BODY = YES;
				CLANG_WARN_ENUM_CONVERSION = YES;
				CLANG_WARN_INFINITE_RECURSION = YES;
				CLANG_WARN_INT_CONVERSION = YES;
				CLANG_WARN_NON_LITERAL_NULL_CONVERSION = YES;
				CLANG_WARN_OBJC_LITERAL_CONVERSION = YES;
				CLANG_WARN_OBJC_ROOT_CLASS = YES_ERROR;
				CLANG_WARN_RANGE_LOOP_ANALYSIS = YES;
				CLANG_WARN_STRICT_PROTOTYPES = YES;
				CLANG_WARN_SUSPICIOUS_MOVE = YES;
				CLANG_WARN_UNREACHABLE_CODE = YES;
				CLANG_WARN__DUPLICATE_METHOD_MATCH = YES;
				CODE_SIGN_IDENTITY = "-";
				COPY_PHASE_STRIP = NO;
				DEBUG_INFORMATION_FORMAT = "dwarf-with-dsym";
				ENABLE_NS_ASSERTIONS = NO;
				ENABLE_STRICT_OBJC_MSGSEND = YES;
				GCC_C_LANGUAGE_STANDARD = gnu99;
				GCC_NO_COMMON_BLOCKS = YES;
				GCC_WARN_64_TO_32_BIT_CONVERSION = YES;
				GCC_WARN_ABOUT_RETURN_TYPE = YES_ERROR;
				GCC_WARN_UNDECLARED_SELECTOR = YES;
				GCC_WARN_UNINITIALIZED_AUTOS = YES_AGGRESSIVE;
				GCC_WARN_UNUSED_FUNCTION = YES;
				GCC_WARN_UNUSED_VARIABLE = YES;
				MACOSX_DEPLOYMENT_TARGET = 10.12;
				MTL_ENABLE_DEBUG_INFO = NO;
				SDKROOT = macosx;
				SWIFT_OPTIMIZATION_LEVEL = "-Owholemodule";
			};
			name = Release;
		};
		9034B8761E6F0FE2008E71D4 /* Debug */ = {
			isa = XCBuildConfiguration;
			buildSettings = {
				ASSETCATALOG_COMPILER_APPICON_NAME = AppIcon;
				CLANG_ENABLE_MODULES = YES;
				CODE_SIGN_IDENTITY = "Mac Developer";
				COMBINE_HIDPI_IMAGES = YES;
				DEAD_CODE_STRIPPING = YES;
				DEBUG_INFORMATION_FORMAT = "dwarf-with-dsym";
				DEPLOYMENT_POSTPROCESSING = YES;
				DEVELOPMENT_TEAM = A67UG8ZSE2;
				GCC_ENABLE_CPP_EXCEPTIONS = NO;
				GCC_ENABLE_OBJC_EXCEPTIONS = NO;
				INFOPLIST_FILE = vMysqlMonitoring/Info.plist;
				LD_RUNPATH_SEARCH_PATHS = "$(inherited) @executable_path/../Frameworks";
				OTHER_LDFLAGS = (
					"-L/usr/local/lib",
					"-lmysqlclient",
				);
				OTHER_SWIFT_FLAGS = "-DDEBUG";
				PRODUCT_BUNDLE_IDENTIFIER = com.virzz.tools.vMysqlMonitoring;
				PRODUCT_NAME = "$(TARGET_NAME)";
				SWIFT_OBJC_BRIDGING_HEADER = "vMysqlMonitoring/vMysqlMonitoring-Bridging-Header.h";
				SWIFT_OPTIMIZATION_LEVEL = "-Onone";
				SWIFT_VERSION = 3.0;
				USER_HEADER_SEARCH_PATHS = /usr/local/include/mysql;
			};
			name = Debug;
		};
		9034B8771E6F0FE2008E71D4 /* Release */ = {
			isa = XCBuildConfiguration;
			buildSettings = {
				ASSETCATALOG_COMPILER_APPICON_NAME = AppIcon;
				CLANG_ENABLE_MODULES = YES;
				CODE_SIGN_IDENTITY = "Mac Developer";
				COMBINE_HIDPI_IMAGES = YES;
				DEAD_CODE_STRIPPING = YES;
				DEBUG_INFORMATION_FORMAT = dwarf;
				DEPLOYMENT_POSTPROCESSING = YES;
				DEVELOPMENT_TEAM = A67UG8ZSE2;
				GCC_ENABLE_CPP_EXCEPTIONS = NO;
				GCC_ENABLE_OBJC_EXCEPTIONS = NO;
				INFOPLIST_FILE = vMysqlMonitoring/Info.plist;
				LD_RUNPATH_SEARCH_PATHS = "$(inherited) @executable_path/../Frameworks";
				ONLY_ACTIVE_ARCH = YES;
				OTHER_LDFLAGS = (
					"-L/usr/local/lib",
					"-lmysqlclient",
				);
				PRODUCT_BUNDLE_IDENTIFIER = com.virzz.tools.vMysqlMonitoring;
				PRODUCT_NAME = "$(TARGET_NAME)";
				SWIFT_OBJC_BRIDGING_HEADER = "vMysqlMonitoring/vMysqlMonitoring-Bridging-Header.h";
				SWIFT_VERSION = 3.0;
				USER_HEADER_SEARCH_PATHS = /usr/local/include/mysql;
			};
			name = Release;
		};
		9034B8791E6F0FE2008E71D4 /* Debug */ = {
			isa = XCBuildConfiguration;
			buildSettings = {
				ALWAYS_EMBED_SWIFT_STANDARD_LIBRARIES = YES;
				BUNDLE_LOADER = "$(TEST_HOST)";
				COMBINE_HIDPI_IMAGES = YES;
				INFOPLIST_FILE = vMysqlMonitoringTests/Info.plist;
				LD_RUNPATH_SEARCH_PATHS = "$(inherited) @executable_path/../Frameworks @loader_path/../Frameworks";
				PRODUCT_BUNDLE_IDENTIFIER = com.virzz.macos.vMysqlMonitoringTests;
				PRODUCT_NAME = "$(TARGET_NAME)";
				SWIFT_VERSION = 3.0;
				TEST_HOST = "$(BUILT_PRODUCTS_DIR)/vMysqlMonitoring.app/Contents/MacOS/vMysqlMonitoring";
			};
			name = Debug;
		};
		9034B87A1E6F0FE2008E71D4 /* Release */ = {
			isa = XCBuildConfiguration;
			buildSettings = {
				ALWAYS_EMBED_SWIFT_STANDARD_LIBRARIES = YES;
				BUNDLE_LOADER = "$(TEST_HOST)";
				COMBINE_HIDPI_IMAGES = YES;
				INFOPLIST_FILE = vMysqlMonitoringTests/Info.plist;
				LD_RUNPATH_SEARCH_PATHS = "$(inherited) @executable_path/../Frameworks @loader_path/../Frameworks";
				PRODUCT_BUNDLE_IDENTIFIER = com.virzz.macos.vMysqlMonitoringTests;
				PRODUCT_NAME = "$(TARGET_NAME)";
				SWIFT_VERSION = 3.0;
				TEST_HOST = "$(BUILT_PRODUCTS_DIR)/vMysqlMonitoring.app/Contents/MacOS/vMysqlMonitoring";
			};
			name = Release;
		};
		9034B87C1E6F0FE2008E71D4 /* Debug */ = {
			isa = XCBuildConfiguration;
			buildSettings = {
				ALWAYS_EMBED_SWIFT_STANDARD_LIBRARIES = YES;
				COMBINE_HIDPI_IMAGES = YES;
				INFOPLIST_FILE = vMysqlMonitoringUITests/Info.plist;
				LD_RUNPATH_SEARCH_PATHS = "$(inherited) @executable_path/../Frameworks @loader_path/../Frameworks";
				PRODUCT_BUNDLE_IDENTIFIER = com.virzz.macos.vMysqlMonitoringUITests;
				PRODUCT_NAME = "$(TARGET_NAME)";
				SWIFT_VERSION = 3.0;
				TEST_TARGET_NAME = vMysqlMonitoring;
			};
			name = Debug;
		};
		9034B87D1E6F0FE2008E71D4 /* Release */ = {
			isa = XCBuildConfiguration;
			buildSettings = {
				ALWAYS_EMBED_SWIFT_STANDARD_LIBRARIES = YES;
				COMBINE_HIDPI_IMAGES = YES;
				INFOPLIST_FILE = vMysqlMonitoringUITests/Info.plist;
				LD_RUNPATH_SEARCH_PATHS = "$(inherited) @executable_path/../Frameworks @loader_path/../Frameworks";
				PRODUCT_BUNDLE_IDENTIFIER = com.virzz.macos.vMysqlMonitoringUITests;
				PRODUCT_NAME = "$(TARGET_NAME)";
				SWIFT_VERSION = 3.0;
				TEST_TARGET_NAME = vMysqlMonitoring;
			};
			name = Release;
		};
/* End XCBuildConfiguration section */

/* Begin XCConfigurationList section */
		9034B84B1E6F0FE1008E71D4 /* Build configuration list for PBXProject "vMysqlMonitoring" */ = {
			isa = XCConfigurationList;
			buildConfigurations = (
				9034B8731E6F0FE2008E71D4 /* Debug */,
				9034B8741E6F0FE2008E71D4 /* Release */,
			);
			defaultConfigurationIsVisible = 0;
			defaultConfigurationName = Release;
		};
		9034B8751E6F0FE2008E71D4 /* Build configuration list for PBXNativeTarget "vMysqlMonitoring" */ = {
			isa = XCConfigurationList;
			buildConfigurations = (
				9034B8761E6F0FE2008E71D4 /* Debug */,
				9034B8771E6F0FE2008E71D4 /* Release */,
			);
			defaultConfigurationIsVisible = 0;
			defaultConfigurationName = Release;
		};
		9034B8781E6F0FE2008E71D4 /* Build configuration list for PBXNativeTarget "vMysqlMonitoringTests" */ = {
			isa = XCConfigurationList;
			buildConfigurations = (
				9034B8791E6F0FE2008E71D4 /* Debug */,
				9034B87A1E6F0FE2008E71D4 /* Release */,
			);
			defaultConfigurationIsVisible = 0;
			defaultConfigurationName = Release;
		};
		9034B87B1E6F0FE2008E71D4 /* Build configuration list for PBXNativeTarget "vMysqlMonitoringUITests" */ = {
			isa = XCConfigurationList;
			buildConfigurations = (
				9034B87C1E6F0FE2008E71D4 /* Debug */,
				9034B87D1E6F0FE2008E71D4 /* Release */,
			);
			defaultConfigurationIsVisible = 0;
			defaultConfigurationName = Release;
		};
/* End XCConfigurationList section */
	};
	rootObject = 9034B8481E6F0FE1008E71D4 /* Project object */;
}
